
Microsoft Visual Studio Solution File, Format Version 12.00
# Visual Studio 2013
VisualStudioVersion = 12.0.30501.0
MinimumVisualStudioVersion = 10.0.40219.1
Project("{FAE04EC0-301F-11D3-BF4B-00C04F79EFBC}") = "BIAI", "BIAI\BIAI.csproj", "{20EF4CA1-339D-4F32-9680-4E392BE0F55A}"
EndProject
Project("{FAE04EC0-301F-11D3-BF4B-00C04F79EFBC}") = "NuralNetwork", "NuralNetwork\NuralNetwork.csproj", "{F1D7A494-74A1-451A-AF6D-D484370D62E0}"
EndProject
Project("{FAE04EC0-301F-11D3-BF4B-00C04F79EFBC}") = "NetworkTest", "NetworkTest\NetworkTest.csproj", "{1E122055-2715-4DC0-82EE-D5ED7E1AD3BA}"
EndProject
Project("{FAE04EC0-301F-11D3-BF4B-00C04F79EFBC}") = "NeuralNetorkResearch", "NeuralNetorkResearch\NeuralNetorkResearch.csproj", "{D8F17429-4CBE-4CF3-B2FC-E7BCB8E5FA08}"
EndProject
Global
	GlobalSection(SolutionConfigurationPlatforms) = preSolution
		Debug|Any CPU = Debug|Any CPU
		Release|Any CPU = Release|Any CPU
	EndGlobalSection
	GlobalSection(ProjectConfigurationPlatforms) = postSolution
		{20EF4CA1-339D-4F32-9680-4E392BE0F55A}.Debug|Any CPU.ActiveCfg = Debug|Any CPU
		{20EF4CA1-339D-4F32-9680-4E392BE0F55A}.Debug|Any CPU.Build.0 = Debug|Any CPU
		{20EF4CA1-339D-4F32-9680-4E392BE0F55A}.Release|Any CPU.ActiveCfg = Release|Any CPU
		{20EF4CA1-339D-4F32-9680-4E392BE0F55A}.Release|Any CPU.Build.0 = Release|Any CPU
		{F1D7A494-74A1-451A-AF6D-D484370D62E0}.Debug|Any CPU.ActiveCfg = Debug|Any CPU
		{F1D7A494-74A1-451A-AF6D-D484370D62E0}.Debug|Any CPU.Build.0 = Debug|Any CPU
		{F1D7A494-74A1-451A-AF6D-D484370D62E0}.Release|Any CPU.ActiveCfg = Release|Any CPU
		{F1D7A494-74A1-451A-AF6D-D484370D62E0}.Release|Any CPU.Build.0 = Release|Any CPU
		{1E122055-2715-4DC0-82EE-D5ED7E1AD3BA}.Debug|Any CPU.ActiveCfg = Debug|Any CPU
		{1E122055-2715-4DC0-82EE-D5ED7E1AD3BA}.Debug|Any CPU.Build.0 = Debug|Any CPU
		{1E122055-2715-4DC0-82EE-D5ED7E1AD3BA}.Release|Any CPU.ActiveCfg = Release|Any CPU
		{1E122055-2715-4DC0-82EE-D5ED7E1AD3BA}.Release|Any CPU.Build.0 = Release|Any CPU
		{D8F17429-4CBE-4CF3-B2FC-E7BCB8E5FA08}.Debug|Any CPU.ActiveCfg = Debug|Any CPU
		{D8F17429-4CBE-4CF3-B2FC-E7BCB8E5FA08}.Debug|Any CPU.Build.0 = Debug|Any CPU
		{D8F17429-4CBE-4CF3-B2FC-E7BCB8E5FA08}.Release|Any CPU.ActiveCfg = Release|Any CPU
		{D8F17429-4CBE-4CF3-B2FC-E7BCB8E5FA08}.Release|Any CPU.Build.0 = Release|Any CPU
	EndGlobalSection
	GlobalSection(SolutionProperties) = preSolution
		HideSolutionNode = FALSE
	EndGlobalSection
EndGlobal
